// !$*UTF8*$!
{
	archiveVersion = 1;
	classes = {
	};
	objectVersion = 46;
	objects = {

/* Begin PBXBuildFile section */
		F42C8AF71B55025C0030F2EC /* tasty_thumbnail.png in Resources */ = {isa = PBXBuildFile; fileRef = F42C8AF51B55025C0030F2EC /* tasty_thumbnail.png */; };
		F42C8AF81B55025C0030F2EC /* tasty_thumbnail@2x.png in Resources */ = {isa = PBXBuildFile; fileRef = F42C8AF61B55025C0030F2EC /* tasty_thumbnail@2x.png */; };
		F44892961B571E350050D0E4 /* thumbnail.png in Resources */ = {isa = PBXBuildFile; fileRef = F44892941B571E350050D0E4 /* thumbnail.png */; };
		F44892971B571E350050D0E4 /* thumbnail@2x.png in Resources */ = {isa = PBXBuildFile; fileRef = F44892951B571E350050D0E4 /* thumbnail@2x.png */; };
		F4CE65F421AE8AE400762FCA /* NSColor+LabelColor.h in Headers */ = {isa = PBXBuildFile; fileRef = F4CE65F021AE8AE400762FCA /* NSColor+LabelColor.h */; };
		F4CE65F521AE8AE400762FCA /* NSColor+LabelColor.m in Sources */ = {isa = PBXBuildFile; fileRef = F4CE65F121AE8AE400762FCA /* NSColor+LabelColor.m */; };
		F4CE65F621AE8AE400762FCA /* RSSView.h in Headers */ = {isa = PBXBuildFile; fileRef = F4CE65F221AE8AE400762FCA /* RSSView.h */; };
		F4CE65F721AE8AE400762FCA /* RSSView.m in Sources */ = {isa = PBXBuildFile; fileRef = F4CE65F321AE8AE400762FCA /* RSSView.m */; };
		F4EE5E7A1B5529440081BE4A /* regular_thumbnail.png in Resources */ = {isa = PBXBuildFile; fileRef = F4EE5E781B5529440081BE4A /* regular_thumbnail.png */; };
		F4EE5E7B1B5529440081BE4A /* regular_thumbnail@2x.png in Resources */ = {isa = PBXBuildFile; fileRef = F4EE5E791B5529440081BE4A /* regular_thumbnail@2x.png */; };
		F4EE5E7E1B552A850081BE4A /* computer_thumbnail.png in Resources */ = {isa = PBXBuildFile; fileRef = F4EE5E7C1B552A850081BE4A /* computer_thumbnail.png */; };
		F4EE5E7F1B552A850081BE4A /* computer_thumbnail@2x.png in Resources */ = {isa = PBXBuildFile; fileRef = F4EE5E7D1B552A850081BE4A /* computer_thumbnail@2x.png */; };
		F4EE5E821B552ABF0081BE4A /* chainmail_thumbnail.png in Resources */ = {isa = PBXBuildFile; fileRef = F4EE5E801B552ABF0081BE4A /* chainmail_thumbnail.png */; };
		F4EE5E831B552ABF0081BE4A /* chainmail_thumbnail@2x.png in Resources */ = {isa = PBXBuildFile; fileRef = F4EE5E811B552ABF0081BE4A /* chainmail_thumbnail@2x.png */; };
		F4EE5E861B552E1A0081BE4A /* brass_mesh_thumbnail.png in Resources */ = {isa = PBXBuildFile; fileRef = F4EE5E841B552E1A0081BE4A /* brass_mesh_thumbnail.png */; };
		F4EE5E871B552E1A0081BE4A /* brass_mesh_thumbnail@2x.png in Resources */ = {isa = PBXBuildFile; fileRef = F4EE5E851B552E1A0081BE4A /* brass_mesh_thumbnail@2x.png */; };
		F4EE5E8A1B552EBD0081BE4A /* slick_thumbnail.png in Resources */ = {isa = PBXBuildFile; fileRef = F4EE5E881B552EBD0081BE4A /* slick_thumbnail.png */; };
		F4EE5E8B1B552EBD0081BE4A /* slick_thumbnail@2x.png in Resources */ = {isa = PBXBuildFile; fileRef = F4EE5E891B552EBD0081BE4A /* slick_thumbnail@2x.png */; };
		F4F8F7C61B53F4D9002C5A2D /* RSSLatticeView.h in Headers */ = {isa = PBXBuildFile; fileRef = F4F8F7C51B53F4D9002C5A2D /* RSSLatticeView.h */; };
		F4F8F7C81B53F4D9002C5A2D /* RSSLatticeView.mm in Sources */ = {isa = PBXBuildFile; fileRef = F4F8F7C71B53F4D9002C5A2D /* RSSLatticeView.mm */; };
		F4F8F7DB1B53F65B002C5A2D /* custom_thumbnail.png in Resources */ = {isa = PBXBuildFile; fileRef = F4F8F7D71B53F65B002C5A2D /* custom_thumbnail.png */; };
		F4F8F7DC1B53F65B002C5A2D /* custom_thumbnail@2x.png in Resources */ = {isa = PBXBuildFile; fileRef = F4F8F7D81B53F65B002C5A2D /* custom_thumbnail@2x.png */; };
		F4F8F7DD1B53F65B002C5A2D /* random_thumbnail.png in Resources */ = {isa = PBXBuildFile; fileRef = F4F8F7D91B53F65B002C5A2D /* random_thumbnail.png */; };
		F4F8F7DE1B53F65B002C5A2D /* random_thumbnail@2x.png in Resources */ = {isa = PBXBuildFile; fileRef = F4F8F7DA1B53F65B002C5A2D /* random_thumbnail@2x.png */; };
		F4F8F7E11B53F665002C5A2D /* RSSSettings.h in Headers */ = {isa = PBXBuildFile; fileRef = F4F8F7DF1B53F665002C5A2D /* RSSSettings.h */; };
		F4F8F7E21B53F665002C5A2D /* RSSSettings.m in Sources */ = {isa = PBXBuildFile; fileRef = F4F8F7E01B53F665002C5A2D /* RSSSettings.m */; };
		F4F8F7E51B53F66C002C5A2D /* RSSWindow.h in Headers */ = {isa = PBXBuildFile; fileRef = F4F8F7E31B53F66C002C5A2D /* RSSWindow.h */; };
		F4F8F7E61B53F66C002C5A2D /* RSSWindow.m in Sources */ = {isa = PBXBuildFile; fileRef = F4F8F7E41B53F66C002C5A2D /* RSSWindow.m */; };
		F4F8F7E91B53F672002C5A2D /* RSSUserDefaults+Constants.h in Headers */ = {isa = PBXBuildFile; fileRef = F4F8F7E71B53F672002C5A2D /* RSSUserDefaults+Constants.h */; };
		F4F8F7EA1B53F672002C5A2D /* RSSUserDefaults+Constants.m in Sources */ = {isa = PBXBuildFile; fileRef = F4F8F7E81B53F672002C5A2D /* RSSUserDefaults+Constants.m */; };
		F4F8F7ED1B53F67B002C5A2D /* RSSConfigurationWindowController.h in Headers */ = {isa = PBXBuildFile; fileRef = F4F8F7EB1B53F67B002C5A2D /* RSSConfigurationWindowController.h */; };
		F4F8F7EE1B53F67B002C5A2D /* RSSConfigurationWindowController.m in Sources */ = {isa = PBXBuildFile; fileRef = F4F8F7EC1B53F67B002C5A2D /* RSSConfigurationWindowController.m */; };
		F4F8F7F01B53F682002C5A2D /* RSSStandardSettingsView.xib in Resources */ = {isa = PBXBuildFile; fileRef = F4F8F7EF1B53F682002C5A2D /* RSSStandardSettingsView.xib */; };
		F4F8F7F31B53F690002C5A2D /* RSSAboutBoxWindowController.h in Headers */ = {isa = PBXBuildFile; fileRef = F4F8F7F11B53F690002C5A2D /* RSSAboutBoxWindowController.h */; };
		F4F8F7F41B53F690002C5A2D /* RSSAboutBoxWindowController.m in Sources */ = {isa = PBXBuildFile; fileRef = F4F8F7F21B53F690002C5A2D /* RSSAboutBoxWindowController.m */; };
		F4F8F7F61B53F694002C5A2D /* RSSAboutBoxWindowController.xib in Resources */ = {isa = PBXBuildFile; fileRef = F4F8F7F51B53F694002C5A2D /* RSSAboutBoxWindowController.xib */; };
		F4F8F7FD1B53F6A1002C5A2D /* RSSSecondaryBox.h in Headers */ = {isa = PBXBuildFile; fileRef = F4F8F7FB1B53F6A1002C5A2D /* RSSSecondaryBox.h */; };
		F4F8F7FE1B53F6A1002C5A2D /* RSSSecondaryBox.m in Sources */ = {isa = PBXBuildFile; fileRef = F4F8F7FC1B53F6A1002C5A2D /* RSSSecondaryBox.m */; };
		F4F8F8011B53F6A9002C5A2D /* RSSCollectionViewItem.h in Headers */ = {isa = PBXBuildFile; fileRef = F4F8F7FF1B53F6A9002C5A2D /* RSSCollectionViewItem.h */; };
		F4F8F8021B53F6A9002C5A2D /* RSSCollectionViewItem.m in Sources */ = {isa = PBXBuildFile; fileRef = F4F8F8001B53F6A9002C5A2D /* RSSCollectionViewItem.m */; };
		F4F8F8051B53F6B0002C5A2D /* RSSCollectionViewItemLabel.h in Headers */ = {isa = PBXBuildFile; fileRef = F4F8F8031B53F6B0002C5A2D /* RSSCollectionViewItemLabel.h */; };
		F4F8F8061B53F6B0002C5A2D /* RSSCollectionViewItemLabel.m in Sources */ = {isa = PBXBuildFile; fileRef = F4F8F8041B53F6B0002C5A2D /* RSSCollectionViewItemLabel.m */; };
		F4F8F8091B53F6B6002C5A2D /* RSSCollectionView.h in Headers */ = {isa = PBXBuildFile; fileRef = F4F8F8071B53F6B6002C5A2D /* RSSCollectionView.h */; };
		F4F8F80A1B53F6B6002C5A2D /* RSSCollectionView.m in Sources */ = {isa = PBXBuildFile; fileRef = F4F8F8081B53F6B6002C5A2D /* RSSCollectionView.m */; };
		F4F8F80D1B53F6D0002C5A2D /* Localizable.strings in Resources */ = {isa = PBXBuildFile; fileRef = F4F8F80B1B53F6D0002C5A2D /* Localizable.strings */; };
		F4F8F8111B53F761002C5A2D /* RSSLatticeConfigurationWindowController.h in Headers */ = {isa = PBXBuildFile; fileRef = F4F8F80E1B53F761002C5A2D /* RSSLatticeConfigurationWindowController.h */; };
		F4F8F8121B53F761002C5A2D /* RSSLatticeConfigurationWindowController.m in Sources */ = {isa = PBXBuildFile; fileRef = F4F8F80F1B53F761002C5A2D /* RSSLatticeConfigurationWindowController.m */; };
		F4F8F8161B53F80E002C5A2D /* RSSLatticeSettings.h in Headers */ = {isa = PBXBuildFile; fileRef = F4F8F8141B53F80E002C5A2D /* RSSLatticeSettings.h */; };
		F4F8F8171B53F80E002C5A2D /* RSSLatticeSettings.m in Sources */ = {isa = PBXBuildFile; fileRef = F4F8F8151B53F80E002C5A2D /* RSSLatticeSettings.m */; };
		F4F8F81A1B53F9AE002C5A2D /* camera.cpp in Sources */ = {isa = PBXBuildFile; fileRef = F4F8F8181B53F9AE002C5A2D /* camera.cpp */; };
		F4F8F81B1B53F9AE002C5A2D /* camera.h in Headers */ = {isa = PBXBuildFile; fileRef = F4F8F8191B53F9AE002C5A2D /* camera.h */; };
		F4F8F81E1B53F9BA002C5A2D /* Lattice.cpp in Sources */ = {isa = PBXBuildFile; fileRef = F4F8F81C1B53F9BA002C5A2D /* Lattice.cpp */; };
		F4F8F81F1B53F9BA002C5A2D /* Lattice.h in Headers */ = {isa = PBXBuildFile; fileRef = F4F8F81D1B53F9BA002C5A2D /* Lattice.h */; };
		F4F8F8211B53F9C5002C5A2D /* texture.h in Headers */ = {isa = PBXBuildFile; fileRef = F4F8F8201B53F9C5002C5A2D /* texture.h */; };
		F4F8F8261B53F9FB002C5A2D /* Rgbhsl.cpp in Sources */ = {isa = PBXBuildFile; fileRef = F4F8F8241B53F9FB002C5A2D /* Rgbhsl.cpp */; };
		F4F8F8271B53F9FB002C5A2D /* Rgbhsl.h in Headers */ = {isa = PBXBuildFile; fileRef = F4F8F8251B53F9FB002C5A2D /* Rgbhsl.h */; };
		F4F8F8301B53FA02002C5A2D /* rsMath.h in Headers */ = {isa = PBXBuildFile; fileRef = F4F8F8281B53FA02002C5A2D /* rsMath.h */; };
		F4F8F8311B53FA02002C5A2D /* rsMatrix.cpp in Sources */ = {isa = PBXBuildFile; fileRef = F4F8F8291B53FA02002C5A2D /* rsMatrix.cpp */; };
		F4F8F8321B53FA02002C5A2D /* rsMatrix.h in Headers */ = {isa = PBXBuildFile; fileRef = F4F8F82A1B53FA02002C5A2D /* rsMatrix.h */; };
		F4F8F8331B53FA02002C5A2D /* rsQuat.cpp in Sources */ = {isa = PBXBuildFile; fileRef = F4F8F82B1B53FA02002C5A2D /* rsQuat.cpp */; };
		F4F8F8341B53FA02002C5A2D /* rsQuat.h in Headers */ = {isa = PBXBuildFile; fileRef = F4F8F82C1B53FA02002C5A2D /* rsQuat.h */; };
		F4F8F8351B53FA02002C5A2D /* rsTrigonometry.h in Headers */ = {isa = PBXBuildFile; fileRef = F4F8F82D1B53FA02002C5A2D /* rsTrigonometry.h */; };
		F4F8F8361B53FA02002C5A2D /* rsVec.cpp in Sources */ = {isa = PBXBuildFile; fileRef = F4F8F82E1B53FA02002C5A2D /* rsVec.cpp */; };
		F4F8F8371B53FA02002C5A2D /* rsVec.h in Headers */ = {isa = PBXBuildFile; fileRef = F4F8F82F1B53FA02002C5A2D /* rsVec.h */; };
		F4F8F83A1B53FAC9002C5A2D /* Localized.strings in Resources */ = {isa = PBXBuildFile; fileRef = F4F8F83C1B53FAC9002C5A2D /* Localized.strings */; };
		F4F8F83D1B53FACE002C5A2D /* RSSLatticeConfigurationWindowController.xib in Resources */ = {isa = PBXBuildFile; fileRef = F4F8F83F1B53FACE002C5A2D /* RSSLatticeConfigurationWindowController.xib */; };
/* End PBXBuildFile section */

/* Begin PBXContainerItemProxy section */
		F40DA7071B54FDF100E33EF1 /* PBXContainerItemProxy */ = {
			isa = PBXContainerItemProxy;
			containerPortal = F40DA7031B54FDF100E33EF1 /* refafactor.xcodeproj */;
			proxyType = 2;
			remoteGlobalIDString = F49477B31B15330700763450;
			remoteInfo = refafactor;
		};
		F40DA7091B54FDF800E33EF1 /* PBXContainerItemProxy */ = {
			isa = PBXContainerItemProxy;
			containerPortal = F40DA7031B54FDF100E33EF1 /* refafactor.xcodeproj */;
			proxyType = 1;
			remoteGlobalIDString = F49477B21B15330700763450;
			remoteInfo = refafactor;
		};
/* End PBXContainerItemProxy section */

/* Begin PBXFileReference section */
		F40DA7031B54FDF100E33EF1 /* refafactor.xcodeproj */ = {isa = PBXFileReference; lastKnownFileType = "wrapper.pb-project"; name = refafactor.xcodeproj; path = Lattice/rsscommon/refafactor/refafactor.xcodeproj; sourceTree = "<group>"; };
		F42C8AF51B55025C0030F2EC /* tasty_thumbnail.png */ = {isa = PBXFileReference; lastKnownFileType = image.png; name = tasty_thumbnail.png; path = images/tasty_thumbnail.png; sourceTree = "<group>"; };
		F42C8AF61B55025C0030F2EC /* tasty_thumbnail@2x.png */ = {isa = PBXFileReference; lastKnownFileType = image.png; name = "tasty_thumbnail@2x.png"; path = "images/tasty_thumbnail@2x.png"; sourceTree = "<group>"; };
		F44892941B571E350050D0E4 /* thumbnail.png */ = {isa = PBXFileReference; lastKnownFileType = image.png; name = thumbnail.png; path = images/thumbnail.png; sourceTree = "<group>"; };
		F44892951B571E350050D0E4 /* thumbnail@2x.png */ = {isa = PBXFileReference; lastKnownFileType = image.png; name = "thumbnail@2x.png"; path = "images/thumbnail@2x.png"; sourceTree = "<group>"; };
		F44EFE591B5860CC00DCBE2C /* it */ = {isa = PBXFileReference; fileEncoding = 10; lastKnownFileType = text.plist.strings; name = it; path = it.lproj/Localized.strings; sourceTree = "<group>"; };
		F44EFE5A1B5860CC00DCBE2C /* it */ = {isa = PBXFileReference; lastKnownFileType = file.xib; name = it; path = it.lproj/RSSLatticeConfigurationWindowController.xib; sourceTree = "<group>"; };
		F44EFE5B1B5860D300DCBE2C /* it */ = {isa = PBXFileReference; fileEncoding = 10; lastKnownFileType = text.plist.strings; name = it; path = rsscommon/it.lproj/Localizable.strings; sourceTree = "<group>"; };
		F4AF96CB1B5842960042265E /* ja */ = {isa = PBXFileReference; fileEncoding = 10; lastKnownFileType = text.plist.strings; name = ja; path = ja.lproj/Localized.strings; sourceTree = "<group>"; };
		F4AF96CC1B5842960042265E /* ja */ = {isa = PBXFileReference; lastKnownFileType = file.xib; name = ja; path = ja.lproj/RSSLatticeConfigurationWindowController.xib; sourceTree = "<group>"; };
		F4AF96CD1B5842A10042265E /* ja */ = {isa = PBXFileReference; fileEncoding = 10; lastKnownFileType = text.plist.strings; name = ja; path = rsscommon/ja.lproj/Localizable.strings; sourceTree = "<group>"; };
		F4AF96CF1B5844750042265E /* es */ = {isa = PBXFileReference; fileEncoding = 10; lastKnownFileType = text.plist.strings; name = es; path = es.lproj/Localized.strings; sourceTree = "<group>"; };
		F4AF96D01B5844750042265E /* es */ = {isa = PBXFileReference; lastKnownFileType = file.xib; name = es; path = es.lproj/RSSLatticeConfigurationWindowController.xib; sourceTree = "<group>"; };
		F4AF96D11B5844820042265E /* es */ = {isa = PBXFileReference; fileEncoding = 10; lastKnownFileType = text.plist.strings; name = es; path = rsscommon/es.lproj/Localizable.strings; sourceTree = "<group>"; };
		F4AF96D31B584FFD0042265E /* de */ = {isa = PBXFileReference; fileEncoding = 10; lastKnownFileType = text.plist.strings; name = de; path = de.lproj/Localized.strings; sourceTree = "<group>"; };
		F4AF96D41B584FFD0042265E /* de */ = {isa = PBXFileReference; lastKnownFileType = file.xib; name = de; path = de.lproj/RSSLatticeConfigurationWindowController.xib; sourceTree = "<group>"; };
		F4AF96D51B58500F0042265E /* de */ = {isa = PBXFileReference; fileEncoding = 10; lastKnownFileType = text.plist.strings; name = de; path = rsscommon/de.lproj/Localizable.strings; sourceTree = "<group>"; };
		F4AF96D61B5851E20042265E /* sv */ = {isa = PBXFileReference; fileEncoding = 10; lastKnownFileType = text.plist.strings; name = sv; path = sv.lproj/Localized.strings; sourceTree = "<group>"; };
		F4AF96D71B5851E20042265E /* sv */ = {isa = PBXFileReference; lastKnownFileType = file.xib; name = sv; path = sv.lproj/RSSLatticeConfigurationWindowController.xib; sourceTree = "<group>"; };
		F4AF96D81B5851EE0042265E /* sv */ = {isa = PBXFileReference; fileEncoding = 10; lastKnownFileType = text.plist.strings; name = sv; path = rsscommon/sv.lproj/Localizable.strings; sourceTree = "<group>"; };
		F4B857121B57981900E6F7BB /* fr */ = {isa = PBXFileReference; fileEncoding = 10; lastKnownFileType = text.plist.strings; name = fr; path = fr.lproj/Localized.strings; sourceTree = "<group>"; };
		F4B857131B57981900E6F7BB /* fr */ = {isa = PBXFileReference; lastKnownFileType = file.xib; name = fr; path = fr.lproj/RSSLatticeConfigurationWindowController.xib; sourceTree = "<group>"; };
		F4B857141B57982300E6F7BB /* fr */ = {isa = PBXFileReference; fileEncoding = 10; lastKnownFileType = text.plist.strings; name = fr; path = rsscommon/fr.lproj/Localizable.strings; sourceTree = "<group>"; };
		F4CE65F021AE8AE400762FCA /* NSColor+LabelColor.h */ = {isa = PBXFileReference; fileEncoding = 4; lastKnownFileType = sourcecode.c.h; name = "NSColor+LabelColor.h"; path = "rsscommon/NSColor+LabelColor.h"; sourceTree = "<group>"; };
		F4CE65F121AE8AE400762FCA /* NSColor+LabelColor.m */ = {isa = PBXFileReference; fileEncoding = 4; lastKnownFileType = sourcecode.c.objc; name = "NSColor+LabelColor.m"; path = "rsscommon/NSColor+LabelColor.m"; sourceTree = "<group>"; };
		F4CE65F221AE8AE400762FCA /* RSSView.h */ = {isa = PBXFileReference; fileEncoding = 4; lastKnownFileType = sourcecode.c.h; name = RSSView.h; path = rsscommon/RSSView.h; sourceTree = "<group>"; };
		F4CE65F321AE8AE400762FCA /* RSSView.m */ = {isa = PBXFileReference; fileEncoding = 4; lastKnownFileType = sourcecode.c.objc; name = RSSView.m; path = rsscommon/RSSView.m; sourceTree = "<group>"; };
		F4EE5E781B5529440081BE4A /* regular_thumbnail.png */ = {isa = PBXFileReference; lastKnownFileType = image.png; name = regular_thumbnail.png; path = images/regular_thumbnail.png; sourceTree = "<group>"; };
		F4EE5E791B5529440081BE4A /* regular_thumbnail@2x.png */ = {isa = PBXFileReference; lastKnownFileType = image.png; name = "regular_thumbnail@2x.png"; path = "images/regular_thumbnail@2x.png"; sourceTree = "<group>"; };
		F4EE5E7C1B552A850081BE4A /* computer_thumbnail.png */ = {isa = PBXFileReference; lastKnownFileType = image.png; name = computer_thumbnail.png; path = images/computer_thumbnail.png; sourceTree = "<group>"; };
		F4EE5E7D1B552A850081BE4A /* computer_thumbnail@2x.png */ = {isa = PBXFileReference; lastKnownFileType = image.png; name = "computer_thumbnail@2x.png"; path = "images/computer_thumbnail@2x.png"; sourceTree = "<group>"; };
		F4EE5E801B552ABF0081BE4A /* chainmail_thumbnail.png */ = {isa = PBXFileReference; lastKnownFileType = image.png; name = chainmail_thumbnail.png; path = images/chainmail_thumbnail.png; sourceTree = "<group>"; };
		F4EE5E811B552ABF0081BE4A /* chainmail_thumbnail@2x.png */ = {isa = PBXFileReference; lastKnownFileType = image.png; name = "chainmail_thumbnail@2x.png"; path = "images/chainmail_thumbnail@2x.png"; sourceTree = "<group>"; };
		F4EE5E841B552E1A0081BE4A /* brass_mesh_thumbnail.png */ = {isa = PBXFileReference; lastKnownFileType = image.png; name = brass_mesh_thumbnail.png; path = images/brass_mesh_thumbnail.png; sourceTree = "<group>"; };
		F4EE5E851B552E1A0081BE4A /* brass_mesh_thumbnail@2x.png */ = {isa = PBXFileReference; lastKnownFileType = image.png; name = "brass_mesh_thumbnail@2x.png"; path = "images/brass_mesh_thumbnail@2x.png"; sourceTree = "<group>"; };
		F4EE5E881B552EBD0081BE4A /* slick_thumbnail.png */ = {isa = PBXFileReference; lastKnownFileType = image.png; name = slick_thumbnail.png; path = images/slick_thumbnail.png; sourceTree = "<group>"; };
		F4EE5E891B552EBD0081BE4A /* slick_thumbnail@2x.png */ = {isa = PBXFileReference; lastKnownFileType = image.png; name = "slick_thumbnail@2x.png"; path = "images/slick_thumbnail@2x.png"; sourceTree = "<group>"; };
		F4F8F7C01B53F4D9002C5A2D /* Lattice.saver */ = {isa = PBXFileReference; explicitFileType = wrapper.cfbundle; includeInIndex = 0; path = Lattice.saver; sourceTree = BUILT_PRODUCTS_DIR; };
		F4F8F7C41B53F4D9002C5A2D /* Info.plist */ = {isa = PBXFileReference; lastKnownFileType = text.plist.xml; path = Info.plist; sourceTree = "<group>"; };
		F4F8F7C51B53F4D9002C5A2D /* RSSLatticeView.h */ = {isa = PBXFileReference; lastKnownFileType = sourcecode.c.h; path = RSSLatticeView.h; sourceTree = "<group>"; };
		F4F8F7C71B53F4D9002C5A2D /* RSSLatticeView.mm */ = {isa = PBXFileReference; lastKnownFileType = sourcecode.cpp.objcpp; path = RSSLatticeView.mm; sourceTree = "<group>"; };
		F4F8F7D71B53F65B002C5A2D /* custom_thumbnail.png */ = {isa = PBXFileReference; lastKnownFileType = image.png; name = custom_thumbnail.png; path = rsscommon/CreativeCommons/custom_thumbnail.png; sourceTree = "<group>"; };
		F4F8F7D81B53F65B002C5A2D /* custom_thumbnail@2x.png */ = {isa = PBXFileReference; lastKnownFileType = image.png; name = "custom_thumbnail@2x.png"; path = "rsscommon/CreativeCommons/custom_thumbnail@2x.png"; sourceTree = "<group>"; };
		F4F8F7D91B53F65B002C5A2D /* random_thumbnail.png */ = {isa = PBXFileReference; lastKnownFileType = image.png; name = random_thumbnail.png; path = rsscommon/CreativeCommons/random_thumbnail.png; sourceTree = "<group>"; };
		F4F8F7DA1B53F65B002C5A2D /* random_thumbnail@2x.png */ = {isa = PBXFileReference; lastKnownFileType = image.png; name = "random_thumbnail@2x.png"; path = "rsscommon/CreativeCommons/random_thumbnail@2x.png"; sourceTree = "<group>"; };
		F4F8F7DF1B53F665002C5A2D /* RSSSettings.h */ = {isa = PBXFileReference; fileEncoding = 4; lastKnownFileType = sourcecode.c.h; name = RSSSettings.h; path = rsscommon/RSSSettings.h; sourceTree = "<group>"; };
		F4F8F7E01B53F665002C5A2D /* RSSSettings.m */ = {isa = PBXFileReference; fileEncoding = 4; lastKnownFileType = sourcecode.c.objc; name = RSSSettings.m; path = rsscommon/RSSSettings.m; sourceTree = "<group>"; };
		F4F8F7E31B53F66C002C5A2D /* RSSWindow.h */ = {isa = PBXFileReference; fileEncoding = 4; lastKnownFileType = sourcecode.c.h; name = RSSWindow.h; path = rsscommon/RSSWindow.h; sourceTree = "<group>"; };
		F4F8F7E41B53F66C002C5A2D /* RSSWindow.m */ = {isa = PBXFileReference; fileEncoding = 4; lastKnownFileType = sourcecode.c.objc; name = RSSWindow.m; path = rsscommon/RSSWindow.m; sourceTree = "<group>"; };
		F4F8F7E71B53F672002C5A2D /* RSSUserDefaults+Constants.h */ = {isa = PBXFileReference; fileEncoding = 4; lastKnownFileType = sourcecode.c.h; name = "RSSUserDefaults+Constants.h"; path = "rsscommon/RSSUserDefaults+Constants.h"; sourceTree = "<group>"; };
		F4F8F7E81B53F672002C5A2D /* RSSUserDefaults+Constants.m */ = {isa = PBXFileReference; fileEncoding = 4; lastKnownFileType = sourcecode.c.objc; name = "RSSUserDefaults+Constants.m"; path = "rsscommon/RSSUserDefaults+Constants.m"; sourceTree = "<group>"; };
		F4F8F7EB1B53F67B002C5A2D /* RSSConfigurationWindowController.h */ = {isa = PBXFileReference; fileEncoding = 4; lastKnownFileType = sourcecode.c.h; name = RSSConfigurationWindowController.h; path = rsscommon/RSSConfigurationWindowController.h; sourceTree = "<group>"; };
		F4F8F7EC1B53F67B002C5A2D /* RSSConfigurationWindowController.m */ = {isa = PBXFileReference; fileEncoding = 4; lastKnownFileType = sourcecode.c.objc; name = RSSConfigurationWindowController.m; path = rsscommon/RSSConfigurationWindowController.m; sourceTree = "<group>"; };
		F4F8F7EF1B53F682002C5A2D /* RSSStandardSettingsView.xib */ = {isa = PBXFileReference; fileEncoding = 4; lastKnownFileType = file.xib; name = RSSStandardSettingsView.xib; path = rsscommon/RSSStandardSettingsView.xib; sourceTree = "<group>"; };
		F4F8F7F11B53F690002C5A2D /* RSSAboutBoxWindowController.h */ = {isa = PBXFileReference; fileEncoding = 4; lastKnownFileType = sourcecode.c.h; name = RSSAboutBoxWindowController.h; path = rsscommon/RSSAboutBoxWindowController.h; sourceTree = "<group>"; };
		F4F8F7F21B53F690002C5A2D /* RSSAboutBoxWindowController.m */ = {isa = PBXFileReference; fileEncoding = 4; lastKnownFileType = sourcecode.c.objc; name = RSSAboutBoxWindowController.m; path = rsscommon/RSSAboutBoxWindowController.m; sourceTree = "<group>"; };
		F4F8F7F51B53F694002C5A2D /* RSSAboutBoxWindowController.xib */ = {isa = PBXFileReference; fileEncoding = 4; lastKnownFileType = file.xib; name = RSSAboutBoxWindowController.xib; path = rsscommon/RSSAboutBoxWindowController.xib; sourceTree = "<group>"; };
		F4F8F7FB1B53F6A1002C5A2D /* RSSSecondaryBox.h */ = {isa = PBXFileReference; fileEncoding = 4; lastKnownFileType = sourcecode.c.h; name = RSSSecondaryBox.h; path = rsscommon/RSSSecondaryBox.h; sourceTree = "<group>"; };
		F4F8F7FC1B53F6A1002C5A2D /* RSSSecondaryBox.m */ = {isa = PBXFileReference; fileEncoding = 4; lastKnownFileType = sourcecode.c.objc; name = RSSSecondaryBox.m; path = rsscommon/RSSSecondaryBox.m; sourceTree = "<group>"; };
		F4F8F7FF1B53F6A9002C5A2D /* RSSCollectionViewItem.h */ = {isa = PBXFileReference; fileEncoding = 4; lastKnownFileType = sourcecode.c.h; name = RSSCollectionViewItem.h; path = rsscommon/RSSCollectionViewItem.h; sourceTree = "<group>"; };
		F4F8F8001B53F6A9002C5A2D /* RSSCollectionViewItem.m */ = {isa = PBXFileReference; fileEncoding = 4; lastKnownFileType = sourcecode.c.objc; name = RSSCollectionViewItem.m; path = rsscommon/RSSCollectionViewItem.m; sourceTree = "<group>"; };
		F4F8F8031B53F6B0002C5A2D /* RSSCollectionViewItemLabel.h */ = {isa = PBXFileReference; fileEncoding = 4; lastKnownFileType = sourcecode.c.h; name = RSSCollectionViewItemLabel.h; path = rsscommon/RSSCollectionViewItemLabel.h; sourceTree = "<group>"; };
		F4F8F8041B53F6B0002C5A2D /* RSSCollectionViewItemLabel.m */ = {isa = PBXFileReference; fileEncoding = 4; lastKnownFileType = sourcecode.c.objc; name = RSSCollectionViewItemLabel.m; path = rsscommon/RSSCollectionViewItemLabel.m; sourceTree = "<group>"; };
		F4F8F8071B53F6B6002C5A2D /* RSSCollectionView.h */ = {isa = PBXFileReference; fileEncoding = 4; lastKnownFileType = sourcecode.c.h; name = RSSCollectionView.h; path = rsscommon/RSSCollectionView.h; sourceTree = "<group>"; };
		F4F8F8081B53F6B6002C5A2D /* RSSCollectionView.m */ = {isa = PBXFileReference; fileEncoding = 4; lastKnownFileType = sourcecode.c.objc; name = RSSCollectionView.m; path = rsscommon/RSSCollectionView.m; sourceTree = "<group>"; };
		F4F8F80C1B53F6D0002C5A2D /* en */ = {isa = PBXFileReference; fileEncoding = 10; lastKnownFileType = text.plist.strings; name = en; path = rsscommon/en.lproj/Localizable.strings; sourceTree = "<group>"; };
		F4F8F80E1B53F761002C5A2D /* RSSLatticeConfigurationWindowController.h */ = {isa = PBXFileReference; fileEncoding = 4; lastKnownFileType = sourcecode.c.h; path = RSSLatticeConfigurationWindowController.h; sourceTree = "<group>"; };
		F4F8F80F1B53F761002C5A2D /* RSSLatticeConfigurationWindowController.m */ = {isa = PBXFileReference; fileEncoding = 4; lastKnownFileType = sourcecode.c.objc; path = RSSLatticeConfigurationWindowController.m; sourceTree = "<group>"; };
		F4F8F8141B53F80E002C5A2D /* RSSLatticeSettings.h */ = {isa = PBXFileReference; fileEncoding = 4; lastKnownFileType = sourcecode.c.h; path = RSSLatticeSettings.h; sourceTree = "<group>"; };
		F4F8F8151B53F80E002C5A2D /* RSSLatticeSettings.m */ = {isa = PBXFileReference; fileEncoding = 4; lastKnownFileType = sourcecode.c.objc; path = RSSLatticeSettings.m; sourceTree = "<group>"; };
		F4F8F8181B53F9AE002C5A2D /* camera.cpp */ = {isa = PBXFileReference; fileEncoding = 4; lastKnownFileType = sourcecode.cpp.cpp; name = camera.cpp; path = GPL/camera.cpp; sourceTree = "<group>"; };
		F4F8F8191B53F9AE002C5A2D /* camera.h */ = {isa = PBXFileReference; fileEncoding = 4; lastKnownFileType = sourcecode.c.h; name = camera.h; path = GPL/camera.h; sourceTree = "<group>"; };
		F4F8F81C1B53F9BA002C5A2D /* Lattice.cpp */ = {isa = PBXFileReference; fileEncoding = 4; lastKnownFileType = sourcecode.cpp.cpp; name = Lattice.cpp; path = GPL/Lattice.cpp; sourceTree = "<group>"; };
		F4F8F81D1B53F9BA002C5A2D /* Lattice.h */ = {isa = PBXFileReference; fileEncoding = 4; lastKnownFileType = sourcecode.c.h; name = Lattice.h; path = GPL/Lattice.h; sourceTree = "<group>"; };
		F4F8F8201B53F9C5002C5A2D /* texture.h */ = {isa = PBXFileReference; fileEncoding = 4; lastKnownFileType = sourcecode.c.h; name = texture.h; path = GPL/texture.h; sourceTree = "<group>"; };
		F4F8F8241B53F9FB002C5A2D /* Rgbhsl.cpp */ = {isa = PBXFileReference; fileEncoding = 4; lastKnownFileType = sourcecode.cpp.cpp; name = Rgbhsl.cpp; path = rsscommon/GPL/Rgbhsl/Rgbhsl.cpp; sourceTree = "<group>"; };
		F4F8F8251B53F9FB002C5A2D /* Rgbhsl.h */ = {isa = PBXFileReference; fileEncoding = 4; lastKnownFileType = sourcecode.c.h; name = Rgbhsl.h; path = rsscommon/GPL/Rgbhsl/Rgbhsl.h; sourceTree = "<group>"; };
		F4F8F8281B53FA02002C5A2D /* rsMath.h */ = {isa = PBXFileReference; fileEncoding = 4; lastKnownFileType = sourcecode.c.h; name = rsMath.h; path = rsscommon/GPL/rsMath/rsMath.h; sourceTree = "<group>"; };
		F4F8F8291B53FA02002C5A2D /* rsMatrix.cpp */ = {isa = PBXFileReference; fileEncoding = 4; lastKnownFileType = sourcecode.cpp.cpp; name = rsMatrix.cpp; path = rsscommon/GPL/rsMath/rsMatrix.cpp; sourceTree = "<group>"; };
		F4F8F82A1B53FA02002C5A2D /* rsMatrix.h */ = {isa = PBXFileReference; fileEncoding = 4; lastKnownFileType = sourcecode.c.h; name = rsMatrix.h; path = rsscommon/GPL/rsMath/rsMatrix.h; sourceTree = "<group>"; };
		F4F8F82B1B53FA02002C5A2D /* rsQuat.cpp */ = {isa = PBXFileReference; fileEncoding = 4; lastKnownFileType = sourcecode.cpp.cpp; name = rsQuat.cpp; path = rsscommon/GPL/rsMath/rsQuat.cpp; sourceTree = "<group>"; };
		F4F8F82C1B53FA02002C5A2D /* rsQuat.h */ = {isa = PBXFileReference; fileEncoding = 4; lastKnownFileType = sourcecode.c.h; name = rsQuat.h; path = rsscommon/GPL/rsMath/rsQuat.h; sourceTree = "<group>"; };
		F4F8F82D1B53FA02002C5A2D /* rsTrigonometry.h */ = {isa = PBXFileReference; fileEncoding = 4; lastKnownFileType = sourcecode.c.h; name = rsTrigonometry.h; path = rsscommon/GPL/rsMath/rsTrigonometry.h; sourceTree = "<group>"; };
		F4F8F82E1B53FA02002C5A2D /* rsVec.cpp */ = {isa = PBXFileReference; fileEncoding = 4; lastKnownFileType = sourcecode.cpp.cpp; name = rsVec.cpp; path = rsscommon/GPL/rsMath/rsVec.cpp; sourceTree = "<group>"; };
		F4F8F82F1B53FA02002C5A2D /* rsVec.h */ = {isa = PBXFileReference; fileEncoding = 4; lastKnownFileType = sourcecode.c.h; name = rsVec.h; path = rsscommon/GPL/rsMath/rsVec.h; sourceTree = "<group>"; };
		F4F8F83B1B53FAC9002C5A2D /* en */ = {isa = PBXFileReference; fileEncoding = 10; lastKnownFileType = text.plist.strings; name = en; path = en.lproj/Localized.strings; sourceTree = "<group>"; };
		F4F8F83E1B53FACE002C5A2D /* en */ = {isa = PBXFileReference; lastKnownFileType = file.xib; name = en; path = en.lproj/RSSLatticeConfigurationWindowController.xib; sourceTree = "<group>"; };
/* End PBXFileReference section */

/* Begin PBXFrameworksBuildPhase section */
		F4F8F7BC1B53F4D9002C5A2D /* Frameworks */ = {
			isa = PBXFrameworksBuildPhase;
			buildActionMask = 2147483647;
			files = (
			);
			runOnlyForDeploymentPostprocessing = 0;
		};
/* End PBXFrameworksBuildPhase section */

/* Begin PBXGroup section */
		F40DA7041B54FDF100E33EF1 /* Products */ = {
			isa = PBXGroup;
			children = (
				F40DA7081B54FDF100E33EF1 /* refafactor */,
			);
			name = Products;
			sourceTree = "<group>";
		};
		F4F8F7B61B53F4D9002C5A2D = {
			isa = PBXGroup;
			children = (
				F40DA7031B54FDF100E33EF1 /* refafactor.xcodeproj */,
				F4F8F7C21B53F4D9002C5A2D /* Lattice */,
				F4F8F7C11B53F4D9002C5A2D /* Products */,
			);
			sourceTree = "<group>";
		};
		F4F8F7C11B53F4D9002C5A2D /* Products */ = {
			isa = PBXGroup;
			children = (
				F4F8F7C01B53F4D9002C5A2D /* Lattice.saver */,
			);
			name = Products;
			sourceTree = "<group>";
		};
		F4F8F7C21B53F4D9002C5A2D /* Lattice */ = {
			isa = PBXGroup;
			children = (
				F4F8F7CF1B53F60C002C5A2D /* rsscommon */,
				F4F8F7D31B53F62B002C5A2D /* GPL */,
				F4F8F8141B53F80E002C5A2D /* RSSLatticeSettings.h */,
				F4F8F8151B53F80E002C5A2D /* RSSLatticeSettings.m */,
				F4F8F7C51B53F4D9002C5A2D /* RSSLatticeView.h */,
				F4F8F7C71B53F4D9002C5A2D /* RSSLatticeView.mm */,
				F4F8F7D41B53F637002C5A2D /* Configuration */,
				F4F8F7C31B53F4D9002C5A2D /* Supporting Files */,
			);
			path = Lattice;
			sourceTree = "<group>";
		};
		F4F8F7C31B53F4D9002C5A2D /* Supporting Files */ = {
			isa = PBXGroup;
			children = (
				F4F8F7C41B53F4D9002C5A2D /* Info.plist */,
				F4F8F7D61B53F644002C5A2D /* images */,
			);
			name = "Supporting Files";
			sourceTree = "<group>";
		};
		F4F8F7CF1B53F60C002C5A2D /* rsscommon */ = {
			isa = PBXGroup;
			children = (
				F4CE65F021AE8AE400762FCA /* NSColor+LabelColor.h */,
				F4CE65F121AE8AE400762FCA /* NSColor+LabelColor.m */,
				F4F8F7DF1B53F665002C5A2D /* RSSSettings.h */,
				F4F8F7E01B53F665002C5A2D /* RSSSettings.m */,
				F4CE65F221AE8AE400762FCA /* RSSView.h */,
				F4CE65F321AE8AE400762FCA /* RSSView.m */,
				F4F8F7E31B53F66C002C5A2D /* RSSWindow.h */,
				F4F8F7E41B53F66C002C5A2D /* RSSWindow.m */,
				F4F8F7E71B53F672002C5A2D /* RSSUserDefaults+Constants.h */,
				F4F8F7E81B53F672002C5A2D /* RSSUserDefaults+Constants.m */,
				F4F8F7EB1B53F67B002C5A2D /* RSSConfigurationWindowController.h */,
				F4F8F7EC1B53F67B002C5A2D /* RSSConfigurationWindowController.m */,
				F4F8F7F11B53F690002C5A2D /* RSSAboutBoxWindowController.h */,
				F4F8F7F21B53F690002C5A2D /* RSSAboutBoxWindowController.m */,
				F4F8F7FB1B53F6A1002C5A2D /* RSSSecondaryBox.h */,
				F4F8F7FC1B53F6A1002C5A2D /* RSSSecondaryBox.m */,
				F4F8F8071B53F6B6002C5A2D /* RSSCollectionView.h */,
				F4F8F8081B53F6B6002C5A2D /* RSSCollectionView.m */,
				F4F8F7FF1B53F6A9002C5A2D /* RSSCollectionViewItem.h */,
				F4F8F8001B53F6A9002C5A2D /* RSSCollectionViewItem.m */,
				F4F8F8031B53F6B0002C5A2D /* RSSCollectionViewItemLabel.h */,
				F4F8F8041B53F6B0002C5A2D /* RSSCollectionViewItemLabel.m */,
				F4F8F7D01B53F614002C5A2D /* GPL */,
				F4F8F7D11B53F619002C5A2D /* CommonCreatives */,
				F4F8F7D21B53F620002C5A2D /* Resources */,
			);
			name = rsscommon;
			sourceTree = "<group>";
		};
		F4F8F7D01B53F614002C5A2D /* GPL */ = {
			isa = PBXGroup;
			children = (
				F4F8F8221B53F9E6002C5A2D /* Rgbhsl */,
				F4F8F8231B53F9EF002C5A2D /* rsMath */,
			);
			name = GPL;
			sourceTree = "<group>";
		};
		F4F8F7D11B53F619002C5A2D /* CommonCreatives */ = {
			isa = PBXGroup;
			children = (
				F4F8F7D71B53F65B002C5A2D /* custom_thumbnail.png */,
				F4F8F7D81B53F65B002C5A2D /* custom_thumbnail@2x.png */,
				F4F8F7D91B53F65B002C5A2D /* random_thumbnail.png */,
				F4F8F7DA1B53F65B002C5A2D /* random_thumbnail@2x.png */,
			);
			name = CommonCreatives;
			sourceTree = "<group>";
		};
		F4F8F7D21B53F620002C5A2D /* Resources */ = {
			isa = PBXGroup;
			children = (
				F4F8F7EF1B53F682002C5A2D /* RSSStandardSettingsView.xib */,
				F4F8F7F51B53F694002C5A2D /* RSSAboutBoxWindowController.xib */,
				F4F8F80B1B53F6D0002C5A2D /* Localizable.strings */,
			);
			name = Resources;
			sourceTree = "<group>";
		};
		F4F8F7D31B53F62B002C5A2D /* GPL */ = {
			isa = PBXGroup;
			children = (
				F4F8F8191B53F9AE002C5A2D /* camera.h */,
				F4F8F8181B53F9AE002C5A2D /* camera.cpp */,
				F4F8F81D1B53F9BA002C5A2D /* Lattice.h */,
				F4F8F81C1B53F9BA002C5A2D /* Lattice.cpp */,
				F4F8F8201B53F9C5002C5A2D /* texture.h */,
			);
			name = GPL;
			sourceTree = "<group>";
		};
		F4F8F7D41B53F637002C5A2D /* Configuration */ = {
			isa = PBXGroup;
			children = (
				F4F8F80E1B53F761002C5A2D /* RSSLatticeConfigurationWindowController.h */,
				F4F8F80F1B53F761002C5A2D /* RSSLatticeConfigurationWindowController.m */,
				F4F8F83C1B53FAC9002C5A2D /* Localized.strings */,
				F4F8F83F1B53FACE002C5A2D /* RSSLatticeConfigurationWindowController.xib */,
				F4F8F7D51B53F63E002C5A2D /* images */,
			);
			name = Configuration;
			sourceTree = "<group>";
		};
		F4F8F7D51B53F63E002C5A2D /* images */ = {
			isa = PBXGroup;
			children = (
				F4EE5E781B5529440081BE4A /* regular_thumbnail.png */,
				F4EE5E791B5529440081BE4A /* regular_thumbnail@2x.png */,
				F4EE5E801B552ABF0081BE4A /* chainmail_thumbnail.png */,
				F4EE5E811B552ABF0081BE4A /* chainmail_thumbnail@2x.png */,
				F4EE5E841B552E1A0081BE4A /* brass_mesh_thumbnail.png */,
				F4EE5E851B552E1A0081BE4A /* brass_mesh_thumbnail@2x.png */,
				F4EE5E7C1B552A850081BE4A /* computer_thumbnail.png */,
				F4EE5E7D1B552A850081BE4A /* computer_thumbnail@2x.png */,
				F4EE5E881B552EBD0081BE4A /* slick_thumbnail.png */,
				F4EE5E891B552EBD0081BE4A /* slick_thumbnail@2x.png */,
				F42C8AF51B55025C0030F2EC /* tasty_thumbnail.png */,
				F42C8AF61B55025C0030F2EC /* tasty_thumbnail@2x.png */,
			);
			name = images;
			sourceTree = "<group>";
		};
		F4F8F7D61B53F644002C5A2D /* images */ = {
			isa = PBXGroup;
			children = (
				F44892941B571E350050D0E4 /* thumbnail.png */,
				F44892951B571E350050D0E4 /* thumbnail@2x.png */,
			);
			name = images;
			sourceTree = "<group>";
		};
		F4F8F8221B53F9E6002C5A2D /* Rgbhsl */ = {
			isa = PBXGroup;
			children = (
				F4F8F8241B53F9FB002C5A2D /* Rgbhsl.cpp */,
				F4F8F8251B53F9FB002C5A2D /* Rgbhsl.h */,
			);
			name = Rgbhsl;
			sourceTree = "<group>";
		};
		F4F8F8231B53F9EF002C5A2D /* rsMath */ = {
			isa = PBXGroup;
			children = (
				F4F8F8281B53FA02002C5A2D /* rsMath.h */,
				F4F8F8291B53FA02002C5A2D /* rsMatrix.cpp */,
				F4F8F82A1B53FA02002C5A2D /* rsMatrix.h */,
				F4F8F82B1B53FA02002C5A2D /* rsQuat.cpp */,
				F4F8F82C1B53FA02002C5A2D /* rsQuat.h */,
				F4F8F82D1B53FA02002C5A2D /* rsTrigonometry.h */,
				F4F8F82E1B53FA02002C5A2D /* rsVec.cpp */,
				F4F8F82F1B53FA02002C5A2D /* rsVec.h */,
			);
			name = rsMath;
			sourceTree = "<group>";
		};
/* End PBXGroup section */

/* Begin PBXHeadersBuildPhase section */
		F4F8F7BD1B53F4D9002C5A2D /* Headers */ = {
			isa = PBXHeadersBuildPhase;
			buildActionMask = 2147483647;
			files = (
				F4F8F8211B53F9C5002C5A2D /* texture.h in Headers */,
				F4F8F7FD1B53F6A1002C5A2D /* RSSSecondaryBox.h in Headers */,
				F4F8F8321B53FA02002C5A2D /* rsMatrix.h in Headers */,
				F4F8F7E91B53F672002C5A2D /* RSSUserDefaults+Constants.h in Headers */,
				F4F8F81F1B53F9BA002C5A2D /* Lattice.h in Headers */,
				F4F8F7ED1B53F67B002C5A2D /* RSSConfigurationWindowController.h in Headers */,
				F4F8F8011B53F6A9002C5A2D /* RSSCollectionViewItem.h in Headers */,
				F4F8F8161B53F80E002C5A2D /* RSSLatticeSettings.h in Headers */,
				F4F8F8351B53FA02002C5A2D /* rsTrigonometry.h in Headers */,
				F4F8F8091B53F6B6002C5A2D /* RSSCollectionView.h in Headers */,
				F4CE65F421AE8AE400762FCA /* NSColor+LabelColor.h in Headers */,
				F4F8F8341B53FA02002C5A2D /* rsQuat.h in Headers */,
				F4F8F8301B53FA02002C5A2D /* rsMath.h in Headers */,
				F4F8F7E51B53F66C002C5A2D /* RSSWindow.h in Headers */,
				F4CE65F621AE8AE400762FCA /* RSSView.h in Headers */,
				F4F8F8051B53F6B0002C5A2D /* RSSCollectionViewItemLabel.h in Headers */,
				F4F8F7E11B53F665002C5A2D /* RSSSettings.h in Headers */,
				F4F8F8111B53F761002C5A2D /* RSSLatticeConfigurationWindowController.h in Headers */,
				F4F8F7C61B53F4D9002C5A2D /* RSSLatticeView.h in Headers */,
				F4F8F8371B53FA02002C5A2D /* rsVec.h in Headers */,
				F4F8F7F31B53F690002C5A2D /* RSSAboutBoxWindowController.h in Headers */,
				F4F8F81B1B53F9AE002C5A2D /* camera.h in Headers */,
				F4F8F8271B53F9FB002C5A2D /* Rgbhsl.h in Headers */,
			);
			runOnlyForDeploymentPostprocessing = 0;
		};
/* End PBXHeadersBuildPhase section */

/* Begin PBXNativeTarget section */
		F4F8F7BF1B53F4D9002C5A2D /* Lattice */ = {
			isa = PBXNativeTarget;
			buildConfigurationList = F4F8F7CB1B53F4D9002C5A2D /* Build configuration list for PBXNativeTarget "Lattice" */;
			buildPhases = (
				F4F8F7BB1B53F4D9002C5A2D /* Sources */,
				F4F8F7BC1B53F4D9002C5A2D /* Frameworks */,
				F4F8F7BD1B53F4D9002C5A2D /* Headers */,
				F4F8F7BE1B53F4D9002C5A2D /* Resources */,
				F40DA70C1B54FE0900E33EF1 /* ShellScript */,
			);
			buildRules = (
			);
			dependencies = (
				F40DA70A1B54FDF800E33EF1 /* PBXTargetDependency */,
			);
			name = Lattice;
			productName = Lattice;
			productReference = F4F8F7C01B53F4D9002C5A2D /* Lattice.saver */;
			productType = "com.apple.product-type.bundle";
		};
/* End PBXNativeTarget section */

/* Begin PBXProject section */
		F4F8F7B71B53F4D9002C5A2D /* Project object */ = {
			isa = PBXProject;
			attributes = {
				LastUpgradeCheck = 0630;
				TargetAttributes = {
					F4F8F7BF1B53F4D9002C5A2D = {
						CreatedOnToolsVersion = 6.3;
					};
				};
			};
			buildConfigurationList = F4F8F7BA1B53F4D9002C5A2D /* Build configuration list for PBXProject "Lattice" */;
			compatibilityVersion = "Xcode 3.2";
			developmentRegion = English;
			hasScannedForEncodings = 0;
			knownRegions = (
				en,
				fr,
				ja,
				es,
				de,
				sv,
				it,
			);
			mainGroup = F4F8F7B61B53F4D9002C5A2D;
			productRefGroup = F4F8F7C11B53F4D9002C5A2D /* Products */;
			projectDirPath = "";
			projectReferences = (
				{
					ProductGroup = F40DA7041B54FDF100E33EF1 /* Products */;
					ProjectRef = F40DA7031B54FDF100E33EF1 /* refafactor.xcodeproj */;
				},
			);
			projectRoot = "";
			targets = (
				F4F8F7BF1B53F4D9002C5A2D /* Lattice */,
			);
		};
/* End PBXProject section */

/* Begin PBXReferenceProxy section */
		F40DA7081B54FDF100E33EF1 /* refafactor */ = {
			isa = PBXReferenceProxy;
			fileType = "compiled.mach-o.executable";
			path = refafactor;
			remoteRef = F40DA7071B54FDF100E33EF1 /* PBXContainerItemProxy */;
			sourceTree = BUILT_PRODUCTS_DIR;
		};
/* End PBXReferenceProxy section */

/* Begin PBXResourcesBuildPhase section */
		F4F8F7BE1B53F4D9002C5A2D /* Resources */ = {
			isa = PBXResourcesBuildPhase;
			buildActionMask = 2147483647;
			files = (
				F4F8F7F61B53F694002C5A2D /* RSSAboutBoxWindowController.xib in Resources */,
				F4F8F7DE1B53F65B002C5A2D /* random_thumbnail@2x.png in Resources */,
				F44892961B571E350050D0E4 /* thumbnail.png in Resources */,
				F4EE5E8B1B552EBD0081BE4A /* slick_thumbnail@2x.png in Resources */,
				F4EE5E871B552E1A0081BE4A /* brass_mesh_thumbnail@2x.png in Resources */,
				F4F8F7DC1B53F65B002C5A2D /* custom_thumbnail@2x.png in Resources */,
				F4EE5E821B552ABF0081BE4A /* chainmail_thumbnail.png in Resources */,
				F42C8AF81B55025C0030F2EC /* tasty_thumbnail@2x.png in Resources */,
				F4F8F80D1B53F6D0002C5A2D /* Localizable.strings in Resources */,
				F4F8F7F01B53F682002C5A2D /* RSSStandardSettingsView.xib in Resources */,
				F4F8F7DB1B53F65B002C5A2D /* custom_thumbnail.png in Resources */,
				F42C8AF71B55025C0030F2EC /* tasty_thumbnail.png in Resources */,
				F4F8F83A1B53FAC9002C5A2D /* Localized.strings in Resources */,
				F4EE5E7E1B552A850081BE4A /* computer_thumbnail.png in Resources */,
				F4EE5E831B552ABF0081BE4A /* chainmail_thumbnail@2x.png in Resources */,
				F4EE5E7B1B5529440081BE4A /* regular_thumbnail@2x.png in Resources */,
				F4EE5E7A1B5529440081BE4A /* regular_thumbnail.png in Resources */,
				F4EE5E7F1B552A850081BE4A /* computer_thumbnail@2x.png in Resources */,
				F4EE5E861B552E1A0081BE4A /* brass_mesh_thumbnail.png in Resources */,
				F4F8F83D1B53FACE002C5A2D /* RSSLatticeConfigurationWindowController.xib in Resources */,
				F4F8F7DD1B53F65B002C5A2D /* random_thumbnail.png in Resources */,
				F4EE5E8A1B552EBD0081BE4A /* slick_thumbnail.png in Resources */,
				F44892971B571E350050D0E4 /* thumbnail@2x.png in Resources */,
			);
			runOnlyForDeploymentPostprocessing = 0;
		};
/* End PBXResourcesBuildPhase section */

/* Begin PBXShellScriptBuildPhase section */
		F40DA70C1B54FE0900E33EF1 /* ShellScript */ = {
			isa = PBXShellScriptBuildPhase;
			buildActionMask = 2147483647;
			files = (
			);
			inputPaths = (
			);
			outputPaths = (
			);
			runOnlyForDeploymentPostprocessing = 0;
			shellPath = /bin/sh;
			shellScript = "#Refactor the rsscommon class to avoid warning or issues when multiple RSS screen savers are installed.\n\n\"${TARGET_BUILD_DIR}\"/refafactor --bundle \"${TARGET_BUILD_DIR}/${FULL_PRODUCT_NAME}\" --prefix LAT\n\nexit 0";
		};
/* End PBXShellScriptBuildPhase section */

/* Begin PBXSourcesBuildPhase section */
		F4F8F7BB1B53F4D9002C5A2D /* Sources */ = {
			isa = PBXSourcesBuildPhase;
			buildActionMask = 2147483647;
			files = (
				F4F8F81E1B53F9BA002C5A2D /* Lattice.cpp in Sources */,
				F4F8F81A1B53F9AE002C5A2D /* camera.cpp in Sources */,
				F4F8F7E61B53F66C002C5A2D /* RSSWindow.m in Sources */,
				F4CE65F721AE8AE400762FCA /* RSSView.m in Sources */,
				F4F8F8061B53F6B0002C5A2D /* RSSCollectionViewItemLabel.m in Sources */,
				F4F8F8171B53F80E002C5A2D /* RSSLatticeSettings.m in Sources */,
				F4F8F7EE1B53F67B002C5A2D /* RSSConfigurationWindowController.m in Sources */,
				F4CE65F521AE8AE400762FCA /* NSColor+LabelColor.m in Sources */,
				F4F8F7F41B53F690002C5A2D /* RSSAboutBoxWindowController.m in Sources */,
				F4F8F8311B53FA02002C5A2D /* rsMatrix.cpp in Sources */,
				F4F8F8361B53FA02002C5A2D /* rsVec.cpp in Sources */,
				F4F8F7EA1B53F672002C5A2D /* RSSUserDefaults+Constants.m in Sources */,
				F4F8F8121B53F761002C5A2D /* RSSLatticeConfigurationWindowController.m in Sources */,
				F4F8F7FE1B53F6A1002C5A2D /* RSSSecondaryBox.m in Sources */,
				F4F8F80A1B53F6B6002C5A2D /* RSSCollectionView.m in Sources */,
				F4F8F8331B53FA02002C5A2D /* rsQuat.cpp in Sources */,
				F4F8F7C81B53F4D9002C5A2D /* RSSLatticeView.mm in Sources */,
				F4F8F8261B53F9FB002C5A2D /* Rgbhsl.cpp in Sources */,
				F4F8F8021B53F6A9002C5A2D /* RSSCollectionViewItem.m in Sources */,
				F4F8F7E21B53F665002C5A2D /* RSSSettings.m in Sources */,
			);
			runOnlyForDeploymentPostprocessing = 0;
		};
/* End PBXSourcesBuildPhase section */

/* Begin PBXTargetDependency section */
		F40DA70A1B54FDF800E33EF1 /* PBXTargetDependency */ = {
			isa = PBXTargetDependency;
			name = refafactor;
			targetProxy = F40DA7091B54FDF800E33EF1 /* PBXContainerItemProxy */;
		};
/* End PBXTargetDependency section */

/* Begin PBXVariantGroup section */
		F4F8F80B1B53F6D0002C5A2D /* Localizable.strings */ = {
			isa = PBXVariantGroup;
			children = (
				F4F8F80C1B53F6D0002C5A2D /* en */,
				F4B857141B57982300E6F7BB /* fr */,
				F4AF96CD1B5842A10042265E /* ja */,
				F4AF96D11B5844820042265E /* es */,
				F4AF96D51B58500F0042265E /* de */,
				F4AF96D81B5851EE0042265E /* sv */,
				F44EFE5B1B5860D300DCBE2C /* it */,
			);
			name = Localizable.strings;
			sourceTree = "<group>";
		};
		F4F8F83C1B53FAC9002C5A2D /* Localized.strings */ = {
			isa = PBXVariantGroup;
			children = (
				F4F8F83B1B53FAC9002C5A2D /* en */,
				F4B857121B57981900E6F7BB /* fr */,
				F4AF96CB1B5842960042265E /* ja */,
				F4AF96CF1B5844750042265E /* es */,
				F4AF96D31B584FFD0042265E /* de */,
				F4AF96D61B5851E20042265E /* sv */,
				F44EFE591B5860CC00DCBE2C /* it */,
			);
			name = Localized.strings;
			sourceTree = "<group>";
		};
		F4F8F83F1B53FACE002C5A2D /* RSSLatticeConfigurationWindowController.xib */ = {
			isa = PBXVariantGroup;
			children = (
				F4F8F83E1B53FACE002C5A2D /* en */,
				F4B857131B57981900E6F7BB /* fr */,
				F4AF96CC1B5842960042265E /* ja */,
				F4AF96D01B5844750042265E /* es */,
				F4AF96D41B584FFD0042265E /* de */,
				F4AF96D71B5851E20042265E /* sv */,
				F44EFE5A1B5860CC00DCBE2C /* it */,
			);
			name = RSSLatticeConfigurationWindowController.xib;
			sourceTree = "<group>";
		};
/* End PBXVariantGroup section */

/* Begin XCBuildConfiguration section */
		F4F8F7C91B53F4D9002C5A2D /* Debug */ = {
			isa = XCBuildConfiguration;
			buildSettings = {
				ALWAYS_SEARCH_USER_PATHS = NO;
				CLANG_CXX_LANGUAGE_STANDARD = "gnu++0x";
				CLANG_CXX_LIBRARY = "libc++";
				CLANG_ENABLE_MODULES = YES;
				CLANG_ENABLE_OBJC_ARC = YES;
				CLANG_WARN_BOOL_CONVERSION = YES;
				CLANG_WARN_CONSTANT_CONVERSION = YES;
				CLANG_WARN_DIRECT_OBJC_ISA_USAGE = YES_ERROR;
				CLANG_WARN_EMPTY_BODY = YES;
				CLANG_WARN_ENUM_CONVERSION = YES;
				CLANG_WARN_INT_CONVERSION = YES;
				CLANG_WARN_OBJC_ROOT_CLASS = YES_ERROR;
				CLANG_WARN_UNREACHABLE_CODE = YES;
				CLANG_WARN__DUPLICATE_METHOD_MATCH = YES;
				COPY_PHASE_STRIP = NO;
				DEBUG_INFORMATION_FORMAT = dwarf;
				ENABLE_STRICT_OBJC_MSGSEND = YES;
				GCC_C_LANGUAGE_STANDARD = gnu99;
				GCC_DYNAMIC_NO_PIC = NO;
				GCC_NO_COMMON_BLOCKS = YES;
				GCC_OPTIMIZATION_LEVEL = 0;
				GCC_PREPROCESSOR_DEFINITIONS = (
					"DEBUG=1",
					"$(inherited)",
				);
				GCC_SYMBOLS_PRIVATE_EXTERN = NO;
				GCC_WARN_64_TO_32_BIT_CONVERSION = YES;
				GCC_WARN_ABOUT_RETURN_TYPE = YES_ERROR;
				GCC_WARN_UNDECLARED_SELECTOR = YES;
				GCC_WARN_UNINITIALIZED_AUTOS = YES_AGGRESSIVE;
				GCC_WARN_UNUSED_FUNCTION = YES;
				GCC_WARN_UNUSED_VARIABLE = YES;
				MACOSX_DEPLOYMENT_TARGET = 10.8;
				ONLY_ACTIVE_ARCH = YES;
				SDKROOT = macosx;
			};
			name = Debug;
		};
		F4F8F7CA1B53F4D9002C5A2D /* Release */ = {
			isa = XCBuildConfiguration;
			buildSettings = {
				ALWAYS_SEARCH_USER_PATHS = NO;
				CLANG_CXX_LANGUAGE_STANDARD = "gnu++0x";
				CLANG_CXX_LIBRARY = "libc++";
				CLANG_ENABLE_MODULES = YES;
				CLANG_ENABLE_OBJC_ARC = YES;
				CLANG_WARN_BOOL_CONVERSION = YES;
				CLANG_WARN_CONSTANT_CONVERSION = YES;
				CLANG_WARN_DIRECT_OBJC_ISA_USAGE = YES_ERROR;
				CLANG_WARN_EMPTY_BODY = YES;
				CLANG_WARN_ENUM_CONVERSION = YES;
				CLANG_WARN_INT_CONVERSION = YES;
				CLANG_WARN_OBJC_ROOT_CLASS = YES_ERROR;
				CLANG_WARN_UNREACHABLE_CODE = YES;
				CLANG_WARN__DUPLICATE_METHOD_MATCH = YES;
				COPY_PHASE_STRIP = NO;
				DEBUG_INFORMATION_FORMAT = "dwarf-with-dsym";
				ENABLE_NS_ASSERTIONS = NO;
				ENABLE_STRICT_OBJC_MSGSEND = YES;
				GCC_C_LANGUAGE_STANDARD = gnu99;
				GCC_NO_COMMON_BLOCKS = YES;
				GCC_WARN_64_TO_32_BIT_CONVERSION = YES;
				GCC_WARN_ABOUT_RETURN_TYPE = YES_ERROR;
				GCC_WARN_UNDECLARED_SELECTOR = YES;
				GCC_WARN_UNINITIALIZED_AUTOS = YES_AGGRESSIVE;
				GCC_WARN_UNUSED_FUNCTION = YES;
				GCC_WARN_UNUSED_VARIABLE = YES;
				MACOSX_DEPLOYMENT_TARGET = 10.8;
				SDKROOT = macosx;
			};
			name = Release;
		};
		F4F8F7CC1B53F4D9002C5A2D /* Debug */ = {
			isa = XCBuildConfiguration;
			buildSettings = {
				COMBINE_HIDPI_IMAGES = YES;
				CURRENT_PROJECT_VERSION = 9;
				INFOPLIST_FILE = Lattice/Info.plist;
				INSTALL_PATH = "$(HOME)/Library/Screen Savers";
				PRODUCT_NAME = "$(TARGET_NAME)";
				VERSIONING_SYSTEM = "apple-generic";
				WRAPPER_EXTENSION = saver;
			};
			name = Debug;
		};
		F4F8F7CD1B53F4D9002C5A2D /* Release */ = {
			isa = XCBuildConfiguration;
			buildSettings = {
				COMBINE_HIDPI_IMAGES = YES;
				CURRENT_PROJECT_VERSION = 9;
				INFOPLIST_FILE = Lattice/Info.plist;
				INSTALL_PATH = "$(HOME)/Library/Screen Savers";
				PRODUCT_NAME = "$(TARGET_NAME)";
				VERSIONING_SYSTEM = "apple-generic";
				WRAPPER_EXTENSION = saver;
			};
			name = Release;
		};
/* End XCBuildConfiguration section */

/* Begin XCConfigurationList section */
		F4F8F7BA1B53F4D9002C5A2D /* Build configuration list for PBXProject "Lattice" */ = {
			isa = XCConfigurationList;
			buildConfigurations = (
				F4F8F7C91B53F4D9002C5A2D /* Debug */,
				F4F8F7CA1B53F4D9002C5A2D /* Release */,
			);
			defaultConfigurationIsVisible = 0;
			defaultConfigurationName = Release;
		};
		F4F8F7CB1B53F4D9002C5A2D /* Build configuration list for PBXNativeTarget "Lattice" */ = {
			isa = XCConfigurationList;
			buildConfigurations = (
				F4F8F7CC1B53F4D9002C5A2D /* Debug */,
				F4F8F7CD1B53F4D9002C5A2D /* Release */,
			);
			defaultConfigurationIsVisible = 0;
			defaultConfigurationName = Release;
		};
/* End XCConfigurationList section */
	};
	rootObject = F4F8F7B71B53F4D9002C5A2D /* Project object */;
}
