// !$*UTF8*$!
{
	archiveVersion = 1;
	classes = {
	};
	objectVersion = 46;
	objects = {

/* Begin PBXBuildFile section */
		F4F8F7C61B53F4D9002C5A2D /* RSSLatticeView.h in Headers */ = {isa = PBXBuildFile; fileRef = F4F8F7C51B53F4D9002C5A2D /* RSSLatticeView.h */; };
		F4F8F7C81B53F4D9002C5A2D /* RSSLatticeView.m in Sources */ = {isa = PBXBuildFile; fileRef = F4F8F7C71B53F4D9002C5A2D /* RSSLatticeView.m */; };
/* End PBXBuildFile section */

/* Begin PBXFileReference section */
		F4F8F7C01B53F4D9002C5A2D /* Lattice.saver */ = {isa = PBXFileReference; explicitFileType = wrapper.cfbundle; includeInIndex = 0; path = Lattice.saver; sourceTree = BUILT_PRODUCTS_DIR; };
		F4F8F7C41B53F4D9002C5A2D /* Info.plist */ = {isa = PBXFileReference; lastKnownFileType = text.plist.xml; path = Info.plist; sourceTree = "<group>"; };
		F4F8F7C51B53F4D9002C5A2D /* RSSLatticeView.h */ = {isa = PBXFileReference; lastKnownFileType = sourcecode.c.h; path = RSSLatticeView.h; sourceTree = "<group>"; };
		F4F8F7C71B53F4D9002C5A2D /* RSSLatticeView.m */ = {isa = PBXFileReference; lastKnownFileType = sourcecode.c.objc; path = RSSLatticeView.m; sourceTree = "<group>"; };
/* End PBXFileReference section */

/* Begin PBXFrameworksBuildPhase section */
		F4F8F7BC1B53F4D9002C5A2D /* Frameworks */ = {
			isa = PBXFrameworksBuildPhase;
			buildActionMask = 2147483647;
			files = (
			);
			runOnlyForDeploymentPostprocessing = 0;
		};
/* End PBXFrameworksBuildPhase section */

/* Begin PBXGroup section */
		F4F8F7B61B53F4D9002C5A2D = {
			isa = PBXGroup;
			children = (
				F4F8F7C21B53F4D9002C5A2D /* Lattice */,
				F4F8F7C11B53F4D9002C5A2D /* Products */,
			);
			sourceTree = "<group>";
		};
		F4F8F7C11B53F4D9002C5A2D /* Products */ = {
			isa = PBXGroup;
			children = (
				F4F8F7C01B53F4D9002C5A2D /* Lattice.saver */,
			);
			name = Products;
			sourceTree = "<group>";
		};
		F4F8F7C21B53F4D9002C5A2D /* Lattice */ = {
			isa = PBXGroup;
			children = (
				F4F8F7C51B53F4D9002C5A2D /* RSSLatticeView.h */,
				F4F8F7C71B53F4D9002C5A2D /* RSSLatticeView.m */,
				F4F8F7C31B53F4D9002C5A2D /* Supporting Files */,
			);
			path = Lattice;
			sourceTree = "<group>";
		};
		F4F8F7C31B53F4D9002C5A2D /* Supporting Files */ = {
			isa = PBXGroup;
			children = (
				F4F8F7C41B53F4D9002C5A2D /* Info.plist */,
			);
			name = "Supporting Files";
			sourceTree = "<group>";
		};
/* End PBXGroup section */

/* Begin PBXHeadersBuildPhase section */
		F4F8F7BD1B53F4D9002C5A2D /* Headers */ = {
			isa = PBXHeadersBuildPhase;
			buildActionMask = 2147483647;
			files = (
				F4F8F7C61B53F4D9002C5A2D /* RSSLatticeView.h in Headers */,
			);
			runOnlyForDeploymentPostprocessing = 0;
		};
/* End PBXHeadersBuildPhase section */

/* Begin PBXNativeTarget section */
		F4F8F7BF1B53F4D9002C5A2D /* Lattice */ = {
			isa = PBXNativeTarget;
			buildConfigurationList = F4F8F7CB1B53F4D9002C5A2D /* Build configuration list for PBXNativeTarget "Lattice" */;
			buildPhases = (
				F4F8F7BB1B53F4D9002C5A2D /* Sources */,
				F4F8F7BC1B53F4D9002C5A2D /* Frameworks */,
				F4F8F7BD1B53F4D9002C5A2D /* Headers */,
				F4F8F7BE1B53F4D9002C5A2D /* Resources */,
			);
			buildRules = (
			);
			dependencies = (
			);
			name = Lattice;
			productName = Lattice;
			productReference = F4F8F7C01B53F4D9002C5A2D /* Lattice.saver */;
			productType = "com.apple.product-type.bundle";
		};
/* End PBXNativeTarget section */

/* Begin PBXProject section */
		F4F8F7B71B53F4D9002C5A2D /* Project object */ = {
			isa = PBXProject;
			attributes = {
				LastUpgradeCheck = 0630;
				TargetAttributes = {
					F4F8F7BF1B53F4D9002C5A2D = {
						CreatedOnToolsVersion = 6.3;
					};
				};
			};
			buildConfigurationList = F4F8F7BA1B53F4D9002C5A2D /* Build configuration list for PBXProject "Lattice" */;
			compatibilityVersion = "Xcode 3.2";
			developmentRegion = English;
			hasScannedForEncodings = 0;
			knownRegions = (
				en,
			);
			mainGroup = F4F8F7B61B53F4D9002C5A2D;
			productRefGroup = F4F8F7C11B53F4D9002C5A2D /* Products */;
			projectDirPath = "";
			projectRoot = "";
			targets = (
				F4F8F7BF1B53F4D9002C5A2D /* Lattice */,
			);
		};
/* End PBXProject section */

/* Begin PBXResourcesBuildPhase section */
		F4F8F7BE1B53F4D9002C5A2D /* Resources */ = {
			isa = PBXResourcesBuildPhase;
			buildActionMask = 2147483647;
			files = (
			);
			runOnlyForDeploymentPostprocessing = 0;
		};
/* End PBXResourcesBuildPhase section */

/* Begin PBXSourcesBuildPhase section */
		F4F8F7BB1B53F4D9002C5A2D /* Sources */ = {
			isa = PBXSourcesBuildPhase;
			buildActionMask = 2147483647;
			files = (
				F4F8F7C81B53F4D9002C5A2D /* RSSLatticeView.m in Sources */,
			);
			runOnlyForDeploymentPostprocessing = 0;
		};
/* End PBXSourcesBuildPhase section */

/* Begin XCBuildConfiguration section */
		F4F8F7C91B53F4D9002C5A2D /* Debug */ = {
			isa = XCBuildConfiguration;
			buildSettings = {
				ALWAYS_SEARCH_USER_PATHS = NO;
				CLANG_CXX_LANGUAGE_STANDARD = "gnu++0x";
				CLANG_CXX_LIBRARY = "libc++";
				CLANG_ENABLE_MODULES = YES;
				CLANG_ENABLE_OBJC_ARC = YES;
				CLANG_WARN_BOOL_CONVERSION = YES;
				CLANG_WARN_CONSTANT_CONVERSION = YES;
				CLANG_WARN_DIRECT_OBJC_ISA_USAGE = YES_ERROR;
				CLANG_WARN_EMPTY_BODY = YES;
				CLANG_WARN_ENUM_CONVERSION = YES;
				CLANG_WARN_INT_CONVERSION = YES;
				CLANG_WARN_OBJC_ROOT_CLASS = YES_ERROR;
				CLANG_WARN_UNREACHABLE_CODE = YES;
				CLANG_WARN__DUPLICATE_METHOD_MATCH = YES;
				COPY_PHASE_STRIP = NO;
				DEBUG_INFORMATION_FORMAT = dwarf;
				ENABLE_STRICT_OBJC_MSGSEND = YES;
				GCC_C_LANGUAGE_STANDARD = gnu99;
				GCC_DYNAMIC_NO_PIC = NO;
				GCC_NO_COMMON_BLOCKS = YES;
				GCC_OPTIMIZATION_LEVEL = 0;
				GCC_PREPROCESSOR_DEFINITIONS = (
					"DEBUG=1",
					"$(inherited)",
				);
				GCC_SYMBOLS_PRIVATE_EXTERN = NO;
				GCC_WARN_64_TO_32_BIT_CONVERSION = YES;
				GCC_WARN_ABOUT_RETURN_TYPE = YES_ERROR;
				GCC_WARN_UNDECLARED_SELECTOR = YES;
				GCC_WARN_UNINITIALIZED_AUTOS = YES_AGGRESSIVE;
				GCC_WARN_UNUSED_FUNCTION = YES;
				GCC_WARN_UNUSED_VARIABLE = YES;
				MACOSX_DEPLOYMENT_TARGET = 10.8;
				ONLY_ACTIVE_ARCH = YES;
				SDKROOT = macosx;
			};
			name = Debug;
		};
		F4F8F7CA1B53F4D9002C5A2D /* Release */ = {
			isa = XCBuildConfiguration;
			buildSettings = {
				ALWAYS_SEARCH_USER_PATHS = NO;
				CLANG_CXX_LANGUAGE_STANDARD = "gnu++0x";
				CLANG_CXX_LIBRARY = "libc++";
				CLANG_ENABLE_MODULES = YES;
				CLANG_ENABLE_OBJC_ARC = YES;
				CLANG_WARN_BOOL_CONVERSION = YES;
				CLANG_WARN_CONSTANT_CONVERSION = YES;
				CLANG_WARN_DIRECT_OBJC_ISA_USAGE = YES_ERROR;
				CLANG_WARN_EMPTY_BODY = YES;
				CLANG_WARN_ENUM_CONVERSION = YES;
				CLANG_WARN_INT_CONVERSION = YES;
				CLANG_WARN_OBJC_ROOT_CLASS = YES_ERROR;
				CLANG_WARN_UNREACHABLE_CODE = YES;
				CLANG_WARN__DUPLICATE_METHOD_MATCH = YES;
				COPY_PHASE_STRIP = NO;
				DEBUG_INFORMATION_FORMAT = "dwarf-with-dsym";
				ENABLE_NS_ASSERTIONS = NO;
				ENABLE_STRICT_OBJC_MSGSEND = YES;
				GCC_C_LANGUAGE_STANDARD = gnu99;
				GCC_NO_COMMON_BLOCKS = YES;
				GCC_WARN_64_TO_32_BIT_CONVERSION = YES;
				GCC_WARN_ABOUT_RETURN_TYPE = YES_ERROR;
				GCC_WARN_UNDECLARED_SELECTOR = YES;
				GCC_WARN_UNINITIALIZED_AUTOS = YES_AGGRESSIVE;
				GCC_WARN_UNUSED_FUNCTION = YES;
				GCC_WARN_UNUSED_VARIABLE = YES;
				MACOSX_DEPLOYMENT_TARGET = 10.8;
				SDKROOT = macosx;
			};
			name = Release;
		};
		F4F8F7CC1B53F4D9002C5A2D /* Debug */ = {
			isa = XCBuildConfiguration;
			buildSettings = {
				COMBINE_HIDPI_IMAGES = YES;
				INFOPLIST_FILE = Lattice/Info.plist;
				INSTALL_PATH = "$(HOME)/Library/Screen Savers";
				PRODUCT_NAME = "$(TARGET_NAME)";
				WRAPPER_EXTENSION = saver;
			};
			name = Debug;
		};
		F4F8F7CD1B53F4D9002C5A2D /* Release */ = {
			isa = XCBuildConfiguration;
			buildSettings = {
				COMBINE_HIDPI_IMAGES = YES;
				INFOPLIST_FILE = Lattice/Info.plist;
				INSTALL_PATH = "$(HOME)/Library/Screen Savers";
				PRODUCT_NAME = "$(TARGET_NAME)";
				WRAPPER_EXTENSION = saver;
			};
			name = Release;
		};
/* End XCBuildConfiguration section */

/* Begin XCConfigurationList section */
		F4F8F7BA1B53F4D9002C5A2D /* Build configuration list for PBXProject "Lattice" */ = {
			isa = XCConfigurationList;
			buildConfigurations = (
				F4F8F7C91B53F4D9002C5A2D /* Debug */,
				F4F8F7CA1B53F4D9002C5A2D /* Release */,
			);
			defaultConfigurationIsVisible = 0;
			defaultConfigurationName = Release;
		};
		F4F8F7CB1B53F4D9002C5A2D /* Build configuration list for PBXNativeTarget "Lattice" */ = {
			isa = XCConfigurationList;
			buildConfigurations = (
				F4F8F7CC1B53F4D9002C5A2D /* Debug */,
				F4F8F7CD1B53F4D9002C5A2D /* Release */,
			);
			defaultConfigurationIsVisible = 0;
		};
/* End XCConfigurationList section */
	};
	rootObject = F4F8F7B71B53F4D9002C5A2D /* Project object */;
}
